
Microsoft Visual Studio Solution File, Format Version 12.00
# Visual Studio Version 17
VisualStudioVersion = 17.5.33627.172
MinimumVisualStudioVersion = 10.0.40219.1
Project("{9A19103F-16F7-4668-BE54-9A1E7A4F7556}") = "ShoppingApp", "ShoppingApp\ShoppingApp.csproj", "{12061E6C-CDAB-42BF-BE30-8694F20B2B85}"
EndProject
Project("{FAE04EC0-301F-11D3-BF4B-00C04F79EFBC}") = "DatabaseLayer", "DatabaseLayer\DatabaseLayer.csproj", "{3642F9A7-C936-4A39-8742-6150D9D5DFAE}"
EndProject
Global
	GlobalSection(SolutionConfigurationPlatforms) = preSolution
		Debug|Any CPU = Debug|Any CPU
		Release|Any CPU = Release|Any CPU
	EndGlobalSection
	GlobalSection(ProjectConfigurationPlatforms) = postSolution
		{12061E6C-CDAB-42BF-BE30-8694F20B2B85}.Debug|Any CPU.ActiveCfg = Debug|Any CPU
		{12061E6C-CDAB-42BF-BE30-8694F20B2B85}.Debug|Any CPU.Build.0 = Debug|Any CPU
		{12061E6C-CDAB-42BF-BE30-8694F20B2B85}.Release|Any CPU.ActiveCfg = Release|Any CPU
		{12061E6C-CDAB-42BF-BE30-8694F20B2B85}.Release|Any CPU.Build.0 = Release|Any CPU
		{3642F9A7-C936-4A39-8742-6150D9D5DFAE}.Debug|Any CPU.ActiveCfg = Debug|Any CPU
		{3642F9A7-C936-4A39-8742-6150D9D5DFAE}.Debug|Any CPU.Build.0 = Debug|Any CPU
		{3642F9A7-C936-4A39-8742-6150D9D5DFAE}.Release|Any CPU.ActiveCfg = Release|Any CPU
		{3642F9A7-C936-4A39-8742-6150D9D5DFAE}.Release|Any CPU.Build.0 = Release|Any CPU
	EndGlobalSection
	GlobalSection(SolutionProperties) = preSolution
		HideSolutionNode = FALSE
	EndGlobalSection
	GlobalSection(ExtensibilityGlobals) = postSolution
		SolutionGuid = {2E5E2CDC-0DCE-44F0-A25B-484056C1D8AB}
	EndGlobalSection
EndGlobal
